// !$*UTF8*$!
{
	archiveVersion = 1;
	classes = {
	};
	objectVersion = 55;
	objects = {

/* Begin PBXBuildFile section */
		A54DE58D28C046F400DD80CB /* AppDelegate.swift in Sources */ = {isa = PBXBuildFile; fileRef = A54DE58C28C046F400DD80CB /* AppDelegate.swift */; };
		A54DE58F28C046F400DD80CB /* SceneDelegate.swift in Sources */ = {isa = PBXBuildFile; fileRef = A54DE58E28C046F400DD80CB /* SceneDelegate.swift */; };
		A54DE59128C046F400DD80CB /* ViewController.swift in Sources */ = {isa = PBXBuildFile; fileRef = A54DE59028C046F400DD80CB /* ViewController.swift */; };
		A54DE59428C046F400DD80CB /* Main.storyboard in Resources */ = {isa = PBXBuildFile; fileRef = A54DE59228C046F400DD80CB /* Main.storyboard */; };
		A54DE59628C046F500DD80CB /* Assets.xcassets in Resources */ = {isa = PBXBuildFile; fileRef = A54DE59528C046F500DD80CB /* Assets.xcassets */; };
		A54DE59928C046F500DD80CB /* LaunchScreen.storyboard in Resources */ = {isa = PBXBuildFile; fileRef = A54DE59728C046F500DD80CB /* LaunchScreen.storyboard */; };
		A54DE5C328C0702B00DD80CB /* FFmpeg.framework in Frameworks */ = {isa = PBXBuildFile; fileRef = A54DE5C228C0702B00DD80CB /* FFmpeg.framework */; };
		A54DE5C628C070ED00DD80CB /* libz.tbd in Frameworks */ = {isa = PBXBuildFile; fileRef = A54DE5C528C070ED00DD80CB /* libz.tbd */; };
		A54DE5C828C070F400DD80CB /* libbz2.tbd in Frameworks */ = {isa = PBXBuildFile; fileRef = A54DE5C728C070F400DD80CB /* libbz2.tbd */; };
		A54DE5CA28C0710300DD80CB /* libiconv.tbd in Frameworks */ = {isa = PBXBuildFile; fileRef = A54DE5C928C0710300DD80CB /* libiconv.tbd */; };
		A54DE5CC28C0745A00DD80CB /* h264.mp4 in Resources */ = {isa = PBXBuildFile; fileRef = A54DE5CB28C0741F00DD80CB /* h264.mp4 */; };
		A58B898628C1E31700D1D42E /* Tutorial01.m in Sources */ = {isa = PBXBuildFile; fileRef = A58B898528C1E31700D1D42E /* Tutorial01.m */; };
/* End PBXBuildFile section */

/* Begin PBXFileReference section */
		A54DE58928C046F400DD80CB /* ffmpeg-tutorial.app */ = {isa = PBXFileReference; explicitFileType = wrapper.application; includeInIndex = 0; path = "ffmpeg-tutorial.app"; sourceTree = BUILT_PRODUCTS_DIR; };
		A54DE58C28C046F400DD80CB /* AppDelegate.swift */ = {isa = PBXFileReference; lastKnownFileType = sourcecode.swift; path = AppDelegate.swift; sourceTree = "<group>"; };
		A54DE58E28C046F400DD80CB /* SceneDelegate.swift */ = {isa = PBXFileReference; lastKnownFileType = sourcecode.swift; path = SceneDelegate.swift; sourceTree = "<group>"; };
		A54DE59028C046F400DD80CB /* ViewController.swift */ = {isa = PBXFileReference; lastKnownFileType = sourcecode.swift; path = ViewController.swift; sourceTree = "<group>"; };
		A54DE59328C046F400DD80CB /* Base */ = {isa = PBXFileReference; lastKnownFileType = file.storyboard; name = Base; path = Base.lproj/Main.storyboard; sourceTree = "<group>"; };
		A54DE59528C046F500DD80CB /* Assets.xcassets */ = {isa = PBXFileReference; lastKnownFileType = folder.assetcatalog; path = Assets.xcassets; sourceTree = "<group>"; };
		A54DE59828C046F500DD80CB /* Base */ = {isa = PBXFileReference; lastKnownFileType = file.storyboard; name = Base; path = Base.lproj/LaunchScreen.storyboard; sourceTree = "<group>"; };
		A54DE59A28C046F500DD80CB /* Info.plist */ = {isa = PBXFileReference; lastKnownFileType = text.plist.xml; path = Info.plist; sourceTree = "<group>"; };
		A54DE5C228C0702B00DD80CB /* FFmpeg.framework */ = {isa = PBXFileReference; lastKnownFileType = wrapper.framework; name = FFmpeg.framework; path = "FFmpeg-iOS-build-script/FFmpeg.framework"; sourceTree = SOURCE_ROOT; };
		A54DE5C528C070ED00DD80CB /* libz.tbd */ = {isa = PBXFileReference; lastKnownFileType = "sourcecode.text-based-dylib-definition"; name = libz.tbd; path = usr/lib/libz.tbd; sourceTree = SDKROOT; };
		A54DE5C728C070F400DD80CB /* libbz2.tbd */ = {isa = PBXFileReference; lastKnownFileType = "sourcecode.text-based-dylib-definition"; name = libbz2.tbd; path = usr/lib/libbz2.tbd; sourceTree = SDKROOT; };
		A54DE5C928C0710300DD80CB /* libiconv.tbd */ = {isa = PBXFileReference; lastKnownFileType = "sourcecode.text-based-dylib-definition"; name = libiconv.tbd; path = usr/lib/libiconv.tbd; sourceTree = SDKROOT; };
		A54DE5CB28C0741F00DD80CB /* h264.mp4 */ = {isa = PBXFileReference; lastKnownFileType = file; path = h264.mp4; sourceTree = "<group>"; };
		A58B898328C1E31600D1D42E /* ffmpeg-tutorial-Bridging-Header.h */ = {isa = PBXFileReference; lastKnownFileType = sourcecode.c.h; path = "ffmpeg-tutorial-Bridging-Header.h"; sourceTree = "<group>"; };
		A58B898428C1E31700D1D42E /* Tutorial01.h */ = {isa = PBXFileReference; lastKnownFileType = sourcecode.c.h; path = Tutorial01.h; sourceTree = "<group>"; };
		A58B898528C1E31700D1D42E /* Tutorial01.m */ = {isa = PBXFileReference; lastKnownFileType = sourcecode.c.objc; path = Tutorial01.m; sourceTree = "<group>"; };
/* End PBXFileReference section */

/* Begin PBXFrameworksBuildPhase section */
		A54DE58628C046F400DD80CB /* Frameworks */ = {
			isa = PBXFrameworksBuildPhase;
			buildActionMask = 2147483647;
			files = (
				A54DE5CA28C0710300DD80CB /* libiconv.tbd in Frameworks */,
				A54DE5C828C070F400DD80CB /* libbz2.tbd in Frameworks */,
				A54DE5C628C070ED00DD80CB /* libz.tbd in Frameworks */,
				A54DE5C328C0702B00DD80CB /* FFmpeg.framework in Frameworks */,
			);
			runOnlyForDeploymentPostprocessing = 0;
		};
/* End PBXFrameworksBuildPhase section */

/* Begin PBXGroup section */
		A54DE58028C046F400DD80CB = {
			isa = PBXGroup;
			children = (
				A54DE58B28C046F400DD80CB /* ffmpeg-tutorial */,
				A54DE58A28C046F400DD80CB /* Products */,
				A54DE5C428C070ED00DD80CB /* Frameworks */,
			);
			sourceTree = "<group>";
		};
		A54DE58A28C046F400DD80CB /* Products */ = {
			isa = PBXGroup;
			children = (
				A54DE58928C046F400DD80CB /* ffmpeg-tutorial.app */,
			);
			name = Products;
			sourceTree = "<group>";
		};
		A54DE58B28C046F400DD80CB /* ffmpeg-tutorial */ = {
			isa = PBXGroup;
			children = (
				A54DE5C228C0702B00DD80CB /* FFmpeg.framework */,
				A54DE5CB28C0741F00DD80CB /* h264.mp4 */,
				A54DE58C28C046F400DD80CB /* AppDelegate.swift */,
				A54DE58E28C046F400DD80CB /* SceneDelegate.swift */,
				A54DE59028C046F400DD80CB /* ViewController.swift */,
				A54DE59228C046F400DD80CB /* Main.storyboard */,
				A54DE59528C046F500DD80CB /* Assets.xcassets */,
				A54DE59728C046F500DD80CB /* LaunchScreen.storyboard */,
				A54DE59A28C046F500DD80CB /* Info.plist */,
				A58B898428C1E31700D1D42E /* Tutorial01.h */,
				A58B898528C1E31700D1D42E /* Tutorial01.m */,
				A58B898328C1E31600D1D42E /* ffmpeg-tutorial-Bridging-Header.h */,
			);
			path = "ffmpeg-tutorial";
			sourceTree = "<group>";
		};
		A54DE5C428C070ED00DD80CB /* Frameworks */ = {
			isa = PBXGroup;
			children = (
				A54DE5C928C0710300DD80CB /* libiconv.tbd */,
				A54DE5C728C070F400DD80CB /* libbz2.tbd */,
				A54DE5C528C070ED00DD80CB /* libz.tbd */,
			);
			name = Frameworks;
			sourceTree = "<group>";
		};
/* End PBXGroup section */

/* Begin PBXNativeTarget section */
		A54DE58828C046F400DD80CB /* ffmpeg-tutorial */ = {
			isa = PBXNativeTarget;
			buildConfigurationList = A54DE59D28C046F500DD80CB /* Build configuration list for PBXNativeTarget "ffmpeg-tutorial" */;
			buildPhases = (
				A54DE58528C046F400DD80CB /* Sources */,
				A54DE58628C046F400DD80CB /* Frameworks */,
				A54DE58728C046F400DD80CB /* Resources */,
			);
			buildRules = (
			);
			dependencies = (
			);
			name = "ffmpeg-tutorial";
			productName = "ffmpeg-tutorial";
			productReference = A54DE58928C046F400DD80CB /* ffmpeg-tutorial.app */;
			productType = "com.apple.product-type.application";
		};
/* End PBXNativeTarget section */

/* Begin PBXProject section */
		A54DE58128C046F400DD80CB /* Project object */ = {
			isa = PBXProject;
			attributes = {
				BuildIndependentTargetsInParallel = 1;
				LastSwiftUpdateCheck = 1340;
				LastUpgradeCheck = 1340;
				TargetAttributes = {
					A54DE58828C046F400DD80CB = {
						CreatedOnToolsVersion = 13.4.1;
						LastSwiftMigration = 1340;
					};
				};
			};
			buildConfigurationList = A54DE58428C046F400DD80CB /* Build configuration list for PBXProject "ffmpeg-tutorial" */;
			compatibilityVersion = "Xcode 13.0";
			developmentRegion = en;
			hasScannedForEncodings = 0;
			knownRegions = (
				en,
				Base,
			);
			mainGroup = A54DE58028C046F400DD80CB;
			productRefGroup = A54DE58A28C046F400DD80CB /* Products */;
			projectDirPath = "";
			projectRoot = "";
			targets = (
				A54DE58828C046F400DD80CB /* ffmpeg-tutorial */,
			);
		};
/* End PBXProject section */

/* Begin PBXResourcesBuildPhase section */
		A54DE58728C046F400DD80CB /* Resources */ = {
			isa = PBXResourcesBuildPhase;
			buildActionMask = 2147483647;
			files = (
				A54DE59928C046F500DD80CB /* LaunchScreen.storyboard in Resources */,
				A54DE59628C046F500DD80CB /* Assets.xcassets in Resources */,
				A54DE59428C046F400DD80CB /* Main.storyboard in Resources */,
				A54DE5CC28C0745A00DD80CB /* h264.mp4 in Resources */,
			);
			runOnlyForDeploymentPostprocessing = 0;
		};
/* End PBXResourcesBuildPhase section */

/* Begin PBXSourcesBuildPhase section */
		A54DE58528C046F400DD80CB /* Sources */ = {
			isa = PBXSourcesBuildPhase;
			buildActionMask = 2147483647;
			files = (
				A58B898628C1E31700D1D42E /* Tutorial01.m in Sources */,
				A54DE59128C046F400DD80CB /* ViewController.swift in Sources */,
				A54DE58D28C046F400DD80CB /* AppDelegate.swift in Sources */,
				A54DE58F28C046F400DD80CB /* SceneDelegate.swift in Sources */,
			);
			runOnlyForDeploymentPostprocessing = 0;
		};
/* End PBXSourcesBuildPhase section */

/* Begin PBXVariantGroup section */
		A54DE59228C046F400DD80CB /* Main.storyboard */ = {
			isa = PBXVariantGroup;
			children = (
				A54DE59328C046F400DD80CB /* Base */,
			);
			name = Main.storyboard;
			sourceTree = "<group>";
		};
		A54DE59728C046F500DD80CB /* LaunchScreen.storyboard */ = {
			isa = PBXVariantGroup;
			children = (
				A54DE59828C046F500DD80CB /* Base */,
			);
			name = LaunchScreen.storyboard;
			sourceTree = "<group>";
		};
/* End PBXVariantGroup section */

/* Begin XCBuildConfiguration section */
		A54DE59B28C046F500DD80CB /* Debug */ = {
			isa = XCBuildConfiguration;
			buildSettings = {
				ALWAYS_SEARCH_USER_PATHS = NO;
				CLANG_ANALYZER_NONNULL = YES;
				CLANG_ANALYZER_NUMBER_OBJECT_CONVERSION = YES_AGGRESSIVE;
				CLANG_CXX_LANGUAGE_STANDARD = "gnu++17";
				CLANG_ENABLE_MODULES = YES;
				CLANG_ENABLE_OBJC_ARC = YES;
				CLANG_ENABLE_OBJC_WEAK = YES;
				CLANG_WARN_BLOCK_CAPTURE_AUTORELEASING = YES;
				CLANG_WARN_BOOL_CONVERSION = YES;
				CLANG_WARN_COMMA = YES;
				CLANG_WARN_CONSTANT_CONVERSION = YES;
				CLANG_WARN_DEPRECATED_OBJC_IMPLEMENTATIONS = YES;
				CLANG_WARN_DIRECT_OBJC_ISA_USAGE = YES_ERROR;
				CLANG_WARN_DOCUMENTATION_COMMENTS = YES;
				CLANG_WARN_EMPTY_BODY = YES;
				CLANG_WARN_ENUM_CONVERSION = YES;
				CLANG_WARN_INFINITE_RECURSION = YES;
				CLANG_WARN_INT_CONVERSION = YES;
				CLANG_WARN_NON_LITERAL_NULL_CONVERSION = YES;
				CLANG_WARN_OBJC_IMPLICIT_RETAIN_SELF = YES;
				CLANG_WARN_OBJC_LITERAL_CONVERSION = YES;
				CLANG_WARN_OBJC_ROOT_CLASS = YES_ERROR;
				CLANG_WARN_QUOTED_INCLUDE_IN_FRAMEWORK_HEADER = YES;
				CLANG_WARN_RANGE_LOOP_ANALYSIS = YES;
				CLANG_WARN_STRICT_PROTOTYPES = YES;
				CLANG_WARN_SUSPICIOUS_MOVE = YES;
				CLANG_WARN_UNGUARDED_AVAILABILITY = YES_AGGRESSIVE;
				CLANG_WARN_UNREACHABLE_CODE = YES;
				CLANG_WARN__DUPLICATE_METHOD_MATCH = YES;
				COPY_PHASE_STRIP = NO;
				DEBUG_INFORMATION_FORMAT = dwarf;
				ENABLE_STRICT_OBJC_MSGSEND = YES;
				ENABLE_TESTABILITY = YES;
				GCC_C_LANGUAGE_STANDARD = gnu11;
				GCC_DYNAMIC_NO_PIC = NO;
				GCC_NO_COMMON_BLOCKS = YES;
				GCC_OPTIMIZATION_LEVEL = 0;
				GCC_PREPROCESSOR_DEFINITIONS = (
					"DEBUG=1",
					"$(inherited)",
				);
				GCC_WARN_64_TO_32_BIT_CONVERSION = YES;
				GCC_WARN_ABOUT_RETURN_TYPE = YES_ERROR;
				GCC_WARN_UNDECLARED_SELECTOR = YES;
				GCC_WARN_UNINITIALIZED_AUTOS = YES_AGGRESSIVE;
				GCC_WARN_UNUSED_FUNCTION = YES;
				GCC_WARN_UNUSED_VARIABLE = YES;
				IPHONEOS_DEPLOYMENT_TARGET = 15.5;
				MTL_ENABLE_DEBUG_INFO = INCLUDE_SOURCE;
				MTL_FAST_MATH = YES;
				ONLY_ACTIVE_ARCH = YES;
				SDKROOT = iphoneos;
				SWIFT_ACTIVE_COMPILATION_CONDITIONS = DEBUG;
				SWIFT_OPTIMIZATION_LEVEL = "-Onone";
			};
			name = Debug;
		};
		A54DE59C28C046F500DD80CB /* Release */ = {
			isa = XCBuildConfiguration;
			buildSettings = {
				ALWAYS_SEARCH_USER_PATHS = NO;
				CLANG_ANALYZER_NONNULL = YES;
				CLANG_ANALYZER_NUMBER_OBJECT_CONVERSION = YES_AGGRESSIVE;
				CLANG_CXX_LANGUAGE_STANDARD = "gnu++17";
				CLANG_ENABLE_MODULES = YES;
				CLANG_ENABLE_OBJC_ARC = YES;
				CLANG_ENABLE_OBJC_WEAK = YES;
				CLANG_WARN_BLOCK_CAPTURE_AUTORELEASING = YES;
				CLANG_WARN_BOOL_CONVERSION = YES;
				CLANG_WARN_COMMA = YES;
				CLANG_WARN_CONSTANT_CONVERSION = YES;
				CLANG_WARN_DEPRECATED_OBJC_IMPLEMENTATIONS = YES;
				CLANG_WARN_DIRECT_OBJC_ISA_USAGE = YES_ERROR;
				CLANG_WARN_DOCUMENTATION_COMMENTS = YES;
				CLANG_WARN_EMPTY_BODY = YES;
				CLANG_WARN_ENUM_CONVERSION = YES;
				CLANG_WARN_INFINITE_RECURSION = YES;
				CLANG_WARN_INT_CONVERSION = YES;
				CLANG_WARN_NON_LITERAL_NULL_CONVERSION = YES;
				CLANG_WARN_OBJC_IMPLICIT_RETAIN_SELF = YES;
				CLANG_WARN_OBJC_LITERAL_CONVERSION = YES;
				CLANG_WARN_OBJC_ROOT_CLASS = YES_ERROR;
				CLANG_WARN_QUOTED_INCLUDE_IN_FRAMEWORK_HEADER = YES;
				CLANG_WARN_RANGE_LOOP_ANALYSIS = YES;
				CLANG_WARN_STRICT_PROTOTYPES = YES;
				CLANG_WARN_SUSPICIOUS_MOVE = YES;
				CLANG_WARN_UNGUARDED_AVAILABILITY = YES_AGGRESSIVE;
				CLANG_WARN_UNREACHABLE_CODE = YES;
				CLANG_WARN__DUPLICATE_METHOD_MATCH = YES;
				COPY_PHASE_STRIP = NO;
				DEBUG_INFORMATION_FORMAT = "dwarf-with-dsym";
				ENABLE_NS_ASSERTIONS = NO;
				ENABLE_STRICT_OBJC_MSGSEND = YES;
				GCC_C_LANGUAGE_STANDARD = gnu11;
				GCC_NO_COMMON_BLOCKS = YES;
				GCC_WARN_64_TO_32_BIT_CONVERSION = YES;
				GCC_WARN_ABOUT_RETURN_TYPE = YES_ERROR;
				GCC_WARN_UNDECLARED_SELECTOR = YES;
				GCC_WARN_UNINITIALIZED_AUTOS = YES_AGGRESSIVE;
				GCC_WARN_UNUSED_FUNCTION = YES;
				GCC_WARN_UNUSED_VARIABLE = YES;
				IPHONEOS_DEPLOYMENT_TARGET = 15.5;
				MTL_ENABLE_DEBUG_INFO = NO;
				MTL_FAST_MATH = YES;
				SDKROOT = iphoneos;
				SWIFT_COMPILATION_MODE = wholemodule;
				SWIFT_OPTIMIZATION_LEVEL = "-O";
				VALIDATE_PRODUCT = YES;
			};
			name = Release;
		};
		A54DE59E28C046F500DD80CB /* Debug */ = {
			isa = XCBuildConfiguration;
			buildSettings = {
				ASSETCATALOG_COMPILER_APPICON_NAME = AppIcon;
				ASSETCATALOG_COMPILER_GLOBAL_ACCENT_COLOR_NAME = AccentColor;
				CLANG_ENABLE_MODULES = YES;
				CODE_SIGN_IDENTITY = "iPhone Developer";
				CODE_SIGN_STYLE = Manual;
				CURRENT_PROJECT_VERSION = 1;
				DEVELOPMENT_TEAM = 28K9LD277B;
				FRAMEWORK_SEARCH_PATHS = (
					"$(inherited)",
					"$(PROJECT_DIR)/FFmpeg-iOS-build-script",
				);
				GENERATE_INFOPLIST_FILE = YES;
				INFOPLIST_FILE = "ffmpeg-tutorial/Info.plist";
				INFOPLIST_KEY_UIApplicationSupportsIndirectInputEvents = YES;
				INFOPLIST_KEY_UILaunchStoryboardName = LaunchScreen;
				INFOPLIST_KEY_UIMainStoryboardFile = Main;
				INFOPLIST_KEY_UISupportedInterfaceOrientations_iPad = "UIInterfaceOrientationPortrait UIInterfaceOrientationPortraitUpsideDown UIInterfaceOrientationLandscapeLeft UIInterfaceOrientationLandscapeRight";
				INFOPLIST_KEY_UISupportedInterfaceOrientations_iPhone = "UIInterfaceOrientationPortrait UIInterfaceOrientationLandscapeLeft UIInterfaceOrientationLandscapeRight";
				IPHONEOS_DEPLOYMENT_TARGET = 13.0;
				LD_RUNPATH_SEARCH_PATHS = (
					"$(inherited)",
					"@executable_path/Frameworks",
				);
				MARKETING_VERSION = 1.0;
				PRODUCT_BUNDLE_IDENTIFIER = "afreecatv.com.ffmpeg-tutorial";
				PRODUCT_NAME = "$(TARGET_NAME)";
				PROVISIONING_PROFILE_SPECIFIER = develop_wildcard;
				SWIFT_EMIT_LOC_STRINGS = YES;
				SWIFT_OBJC_BRIDGING_HEADER = "ffmpeg-tutorial/ffmpeg-tutorial-Bridging-Header.h";
				SWIFT_OPTIMIZATION_LEVEL = "-Onone";
				SWIFT_VERSION = 5.0;
				TARGETED_DEVICE_FAMILY = "1,2";
			};
			name = Debug;
		};
		A54DE59F28C046F500DD80CB /* Release */ = {
			isa = XCBuildConfiguration;
			buildSettings = {
				ASSETCATALOG_COMPILER_APPICON_NAME = AppIcon;
				ASSETCATALOG_COMPILER_GLOBAL_ACCENT_COLOR_NAME = AccentColor;
				CLANG_ENABLE_MODULES = YES;
				CODE_SIGN_IDENTITY = "iPhone Developer";
				CODE_SIGN_STYLE = Manual;
				CURRENT_PROJECT_VERSION = 1;
				DEVELOPMENT_TEAM = 28K9LD277B;
				FRAMEWORK_SEARCH_PATHS = (
					"$(inherited)",
					"$(PROJECT_DIR)/FFmpeg-iOS-build-script",
				);
				GENERATE_INFOPLIST_FILE = YES;
				INFOPLIST_FILE = "ffmpeg-tutorial/Info.plist";
				INFOPLIST_KEY_UIApplicationSupportsIndirectInputEvents = YES;
				INFOPLIST_KEY_UILaunchStoryboardName = LaunchScreen;
				INFOPLIST_KEY_UIMainStoryboardFile = Main;
				INFOPLIST_KEY_UISupportedInterfaceOrientations_iPad = "UIInterfaceOrientationPortrait UIInterfaceOrientationPortraitUpsideDown UIInterfaceOrientationLandscapeLeft UIInterfaceOrientationLandscapeRight";
				INFOPLIST_KEY_UISupportedInterfaceOrientations_iPhone = "UIInterfaceOrientationPortrait UIInterfaceOrientationLandscapeLeft UIInterfaceOrientationLandscapeRight";
				IPHONEOS_DEPLOYMENT_TARGET = 13.0;
				LD_RUNPATH_SEARCH_PATHS = (
					"$(inherited)",
					"@executable_path/Frameworks",
				);
				MARKETING_VERSION = 1.0;
				PRODUCT_BUNDLE_IDENTIFIER = "afreecatv.com.ffmpeg-tutorial";
				PRODUCT_NAME = "$(TARGET_NAME)";
				PROVISIONING_PROFILE_SPECIFIER = develop_wildcard;
				SWIFT_EMIT_LOC_STRINGS = YES;
				SWIFT_OBJC_BRIDGING_HEADER = "ffmpeg-tutorial/ffmpeg-tutorial-Bridging-Header.h";
				SWIFT_VERSION = 5.0;
				TARGETED_DEVICE_FAMILY = "1,2";
			};
			name = Release;
		};
/* End XCBuildConfiguration section */

/* Begin XCConfigurationList section */
		A54DE58428C046F400DD80CB /* Build configuration list for PBXProject "ffmpeg-tutorial" */ = {
			isa = XCConfigurationList;
			buildConfigurations = (
				A54DE59B28C046F500DD80CB /* Debug */,
				A54DE59C28C046F500DD80CB /* Release */,
			);
			defaultConfigurationIsVisible = 0;
			defaultConfigurationName = Release;
		};
		A54DE59D28C046F500DD80CB /* Build configuration list for PBXNativeTarget "ffmpeg-tutorial" */ = {
			isa = XCConfigurationList;
			buildConfigurations = (
				A54DE59E28C046F500DD80CB /* Debug */,
				A54DE59F28C046F500DD80CB /* Release */,
			);
			defaultConfigurationIsVisible = 0;
			defaultConfigurationName = Release;
		};
/* End XCConfigurationList section */
	};
	rootObject = A54DE58128C046F400DD80CB /* Project object */;
}
